
Microsoft Visual Studio Solution File, Format Version 12.00
# Visual Studio Version 17
VisualStudioVersion = 17.8.34511.84
MinimumVisualStudioVersion = 10.0.40219.1
Project("{FAE04EC0-301F-11D3-BF4B-00C04F79EFBC}") = "URlShorter", "URlShorter.csproj", "{66CCF1F6-2321-4213-9492-3E6E10C51A14}"
EndProject
Global
	GlobalSection(SolutionConfigurationPlatforms) = preSolution
		Debug|Any CPU = Debug|Any CPU
		Release|Any CPU = Release|Any CPU
	EndGlobalSection
	GlobalSection(ProjectConfigurationPlatforms) = postSolution
		{66CCF1F6-2321-4213-9492-3E6E10C51A14}.Debug|Any CPU.ActiveCfg = Debug|Any CPU
		{66CCF1F6-2321-4213-9492-3E6E10C51A14}.Debug|Any CPU.Build.0 = Debug|Any CPU
		{66CCF1F6-2321-4213-9492-3E6E10C51A14}.Release|Any CPU.ActiveCfg = Release|Any CPU
		{66CCF1F6-2321-4213-9492-3E6E10C51A14}.Release|Any CPU.Build.0 = Release|Any CPU
	EndGlobalSection
	GlobalSection(SolutionProperties) = preSolution
		HideSolutionNode = FALSE
	EndGlobalSection
	GlobalSection(ExtensibilityGlobals) = postSolution
		SolutionGuid = {A81201B0-950E-41EF-BCE9-846B0031C844}
	EndGlobalSection
EndGlobal
